{
  "object": {
    "pins": [
      {
        "package": "swift-fcsdk-ios",
        "repositoryURL": "https://github.com/cbajapan/fcsdk-ios.git",
        "state": {
          "branch": null,
          "revision": "d2d4a6490335af2d4e760017b8a7f8036961f031",
          "version": "4.0.1"
        }
      }
    ]
  },
  "version": 1
}
