{
  "object": {
    "pins": [
      {
        "package": "swift-fcsdk-ios",
        "repositoryURL": "https://github.com/DexJoke/swift-fcsdk-ios.git",
        "state": {
          "branch": null,
          "revision": "0fe37dbed51d4774b2e8a6e175085d41c87d2904",
          "version": "4.0.2"
        }
      }
    ]
  },
  "version": 1
}
